
Microsoft Visual Studio Solution File, Format Version 12.00
# Visual Studio Version 16
VisualStudioVersion = 16.0.29806.167
MinimumVisualStudioVersion = 10.0.40219.1
Project("{9A19103F-16F7-4668-BE54-9A1E7A4F7556}") = "Library", "Library\Library.csproj", "{B95F8143-F32D-4671-9DCA-5E8E83E114E5}"
EndProject
Project("{9A19103F-16F7-4668-BE54-9A1E7A4F7556}") = "Library.Items.Services", "Library.Items.Services\Library.Items.Services.csproj", "{6BD860BB-396F-4E27-BA2E-E8BCCB90AB9B}"
EndProject
Project("{9A19103F-16F7-4668-BE54-9A1E7A4F7556}") = "Library.Core", "Library.Core\Library.Core.csproj", "{DD0DE8A9-8681-42D5-B04C-0DED0037CAD6}"
EndProject
Project("{9A19103F-16F7-4668-BE54-9A1E7A4F7556}") = "Library.Leases.Domain", "Library.Orders.Domain\Library.Leases.Domain.csproj", "{252CCF1E-1348-473B-A73F-4A3ED0B7DDDA}"
EndProject
Project("{2150E333-8FDC-42A3-9474-1A3956D46DE8}") = "Leases", "Leases", "{B1D8C1EB-8E91-4D04-87A5-222FC82FF6FB}"
EndProject
Project("{2150E333-8FDC-42A3-9474-1A3956D46DE8}") = "Items", "Items", "{0A66FAA9-39FF-4C13-BEA7-77E7683BC709}"
EndProject
Project("{9A19103F-16F7-4668-BE54-9A1E7A4F7556}") = "Library.Items.Infrastructure", "Library.Items.Infrastructure\Library.Items.Infrastructure.csproj", "{848ACCB9-79A1-407A-8400-B99DACC07D16}"
EndProject
Project("{9A19103F-16F7-4668-BE54-9A1E7A4F7556}") = "Library.Orders.Infrastructure", "Library.Orders.Infrastructure\Library.Orders.Infrastructure.csproj", "{A8C562F3-B108-474D-BE59-9BF8BEDB0680}"
EndProject
Global
	GlobalSection(SolutionConfigurationPlatforms) = preSolution
		Debug|Any CPU = Debug|Any CPU
		Release|Any CPU = Release|Any CPU
	EndGlobalSection
	GlobalSection(ProjectConfigurationPlatforms) = postSolution
		{B95F8143-F32D-4671-9DCA-5E8E83E114E5}.Debug|Any CPU.ActiveCfg = Debug|Any CPU
		{B95F8143-F32D-4671-9DCA-5E8E83E114E5}.Debug|Any CPU.Build.0 = Debug|Any CPU
		{B95F8143-F32D-4671-9DCA-5E8E83E114E5}.Release|Any CPU.ActiveCfg = Release|Any CPU
		{B95F8143-F32D-4671-9DCA-5E8E83E114E5}.Release|Any CPU.Build.0 = Release|Any CPU
		{6BD860BB-396F-4E27-BA2E-E8BCCB90AB9B}.Debug|Any CPU.ActiveCfg = Debug|Any CPU
		{6BD860BB-396F-4E27-BA2E-E8BCCB90AB9B}.Debug|Any CPU.Build.0 = Debug|Any CPU
		{6BD860BB-396F-4E27-BA2E-E8BCCB90AB9B}.Release|Any CPU.ActiveCfg = Release|Any CPU
		{6BD860BB-396F-4E27-BA2E-E8BCCB90AB9B}.Release|Any CPU.Build.0 = Release|Any CPU
		{DD0DE8A9-8681-42D5-B04C-0DED0037CAD6}.Debug|Any CPU.ActiveCfg = Debug|Any CPU
		{DD0DE8A9-8681-42D5-B04C-0DED0037CAD6}.Debug|Any CPU.Build.0 = Debug|Any CPU
		{DD0DE8A9-8681-42D5-B04C-0DED0037CAD6}.Release|Any CPU.ActiveCfg = Release|Any CPU
		{DD0DE8A9-8681-42D5-B04C-0DED0037CAD6}.Release|Any CPU.Build.0 = Release|Any CPU
		{252CCF1E-1348-473B-A73F-4A3ED0B7DDDA}.Debug|Any CPU.ActiveCfg = Debug|Any CPU
		{252CCF1E-1348-473B-A73F-4A3ED0B7DDDA}.Debug|Any CPU.Build.0 = Debug|Any CPU
		{252CCF1E-1348-473B-A73F-4A3ED0B7DDDA}.Release|Any CPU.ActiveCfg = Release|Any CPU
		{252CCF1E-1348-473B-A73F-4A3ED0B7DDDA}.Release|Any CPU.Build.0 = Release|Any CPU
		{848ACCB9-79A1-407A-8400-B99DACC07D16}.Debug|Any CPU.ActiveCfg = Debug|Any CPU
		{848ACCB9-79A1-407A-8400-B99DACC07D16}.Debug|Any CPU.Build.0 = Debug|Any CPU
		{848ACCB9-79A1-407A-8400-B99DACC07D16}.Release|Any CPU.ActiveCfg = Release|Any CPU
		{848ACCB9-79A1-407A-8400-B99DACC07D16}.Release|Any CPU.Build.0 = Release|Any CPU
		{A8C562F3-B108-474D-BE59-9BF8BEDB0680}.Debug|Any CPU.ActiveCfg = Debug|Any CPU
		{A8C562F3-B108-474D-BE59-9BF8BEDB0680}.Debug|Any CPU.Build.0 = Debug|Any CPU
		{A8C562F3-B108-474D-BE59-9BF8BEDB0680}.Release|Any CPU.ActiveCfg = Release|Any CPU
		{A8C562F3-B108-474D-BE59-9BF8BEDB0680}.Release|Any CPU.Build.0 = Release|Any CPU
	EndGlobalSection
	GlobalSection(SolutionProperties) = preSolution
		HideSolutionNode = FALSE
	EndGlobalSection
	GlobalSection(NestedProjects) = preSolution
		{6BD860BB-396F-4E27-BA2E-E8BCCB90AB9B} = {0A66FAA9-39FF-4C13-BEA7-77E7683BC709}
		{252CCF1E-1348-473B-A73F-4A3ED0B7DDDA} = {B1D8C1EB-8E91-4D04-87A5-222FC82FF6FB}
		{848ACCB9-79A1-407A-8400-B99DACC07D16} = {0A66FAA9-39FF-4C13-BEA7-77E7683BC709}
		{A8C562F3-B108-474D-BE59-9BF8BEDB0680} = {B1D8C1EB-8E91-4D04-87A5-222FC82FF6FB}
	EndGlobalSection
	GlobalSection(ExtensibilityGlobals) = postSolution
		SolutionGuid = {DC4D92E0-8AA9-4549-8876-4BC2170364A0}
	EndGlobalSection
EndGlobal
