
Microsoft Visual Studio Solution File, Format Version 12.00
# Visual Studio Version 16
VisualStudioVersion = 16.0.29806.167
MinimumVisualStudioVersion = 10.0.40219.1
Project("{FAE04EC0-301F-11D3-BF4B-00C04F79EFBC}") = "Library", "Library\Library.csproj", "{B95F8143-F32D-4671-9DCA-5E8E83E114E5}"
EndProject
Project("{9A19103F-16F7-4668-BE54-9A1E7A4F7556}") = "Library.Services", "Library.Services\Library.Services.csproj", "{22738D0C-5E1C-4AFC-AB2D-A2F346F6DC79}"
EndProject
Project("{FAE04EC0-301F-11D3-BF4B-00C04F79EFBC}") = "Library.Infrastructure", "Library.Infrastructure\Library.Infrastructure.csproj", "{348E22E7-1FF9-4153-98E5-F2F6A8C06A7A}"
EndProject
Global
	GlobalSection(SolutionConfigurationPlatforms) = preSolution
		Debug|Any CPU = Debug|Any CPU
		Release|Any CPU = Release|Any CPU
	EndGlobalSection
	GlobalSection(ProjectConfigurationPlatforms) = postSolution
		{B95F8143-F32D-4671-9DCA-5E8E83E114E5}.Debug|Any CPU.ActiveCfg = Debug|Any CPU
		{B95F8143-F32D-4671-9DCA-5E8E83E114E5}.Debug|Any CPU.Build.0 = Debug|Any CPU
		{B95F8143-F32D-4671-9DCA-5E8E83E114E5}.Release|Any CPU.ActiveCfg = Release|Any CPU
		{B95F8143-F32D-4671-9DCA-5E8E83E114E5}.Release|Any CPU.Build.0 = Release|Any CPU
		{22738D0C-5E1C-4AFC-AB2D-A2F346F6DC79}.Debug|Any CPU.ActiveCfg = Debug|Any CPU
		{22738D0C-5E1C-4AFC-AB2D-A2F346F6DC79}.Debug|Any CPU.Build.0 = Debug|Any CPU
		{22738D0C-5E1C-4AFC-AB2D-A2F346F6DC79}.Release|Any CPU.ActiveCfg = Release|Any CPU
		{22738D0C-5E1C-4AFC-AB2D-A2F346F6DC79}.Release|Any CPU.Build.0 = Release|Any CPU
		{348E22E7-1FF9-4153-98E5-F2F6A8C06A7A}.Debug|Any CPU.ActiveCfg = Debug|Any CPU
		{348E22E7-1FF9-4153-98E5-F2F6A8C06A7A}.Debug|Any CPU.Build.0 = Debug|Any CPU
		{348E22E7-1FF9-4153-98E5-F2F6A8C06A7A}.Release|Any CPU.ActiveCfg = Release|Any CPU
		{348E22E7-1FF9-4153-98E5-F2F6A8C06A7A}.Release|Any CPU.Build.0 = Release|Any CPU
	EndGlobalSection
	GlobalSection(SolutionProperties) = preSolution
		HideSolutionNode = FALSE
	EndGlobalSection
	GlobalSection(ExtensibilityGlobals) = postSolution
		SolutionGuid = {DC4D92E0-8AA9-4549-8876-4BC2170364A0}
	EndGlobalSection
EndGlobal
